
Microsoft Visual Studio Solution File, Format Version 12.00
# Visual Studio 14
VisualStudioVersion = 14.0.23107.0
MinimumVisualStudioVersion = 10.0.40219.1
Project("{54435603-DBB4-11D2-8724-00A0C9A8B90C}") = "IcoDroid_Setup_x64", "IcoDroid_Setup_x64.vdproj", "{E3F1B06E-B859-446D-A4B0-F61ABA873AE1}"
EndProject
Global
	GlobalSection(SolutionConfigurationPlatforms) = preSolution
		Debug|Default = Debug|Default
		Release|Default = Release|Default
	EndGlobalSection
	GlobalSection(ProjectConfigurationPlatforms) = postSolution
		{E3F1B06E-B859-446D-A4B0-F61ABA873AE1}.Debug|Default.ActiveCfg = Debug
		{E3F1B06E-B859-446D-A4B0-F61ABA873AE1}.Debug|Default.Build.0 = Debug
		{E3F1B06E-B859-446D-A4B0-F61ABA873AE1}.Release|Default.ActiveCfg = Release
		{E3F1B06E-B859-446D-A4B0-F61ABA873AE1}.Release|Default.Build.0 = Release
	EndGlobalSection
	GlobalSection(SolutionProperties) = preSolution
		HideSolutionNode = FALSE
	EndGlobalSection
EndGlobal
